
Microsoft Visual Studio Solution File, Format Version 12.00
# Visual Studio Version 17
VisualStudioVersion = 17.0.31903.59
MinimumVisualStudioVersion = 10.0.40219.1
Project("{2150E333-8FDC-42A3-9474-1A3956D46DE8}") = "src", "src", "{827E0CD3-B72D-47B6-A68D-7590B98EB39B}"
EndProject
Project("{FAE04EC0-301F-11D3-BF4B-00C04F79EFBC}") = "Rasp.Core", "src\Rasp.Core\Rasp.Core.csproj", "{3BF2FD0F-40C2-47BA-97CE-9CEB191BF6BD}"
EndProject
Project("{FAE04EC0-301F-11D3-BF4B-00C04F79EFBC}") = "Rasp.Instrumentation.Grpc", "src\Rasp.Instrumentation.Grpc\Rasp.Instrumentation.Grpc.csproj", "{110DA3B7-58D3-4040-8E81-E030547400D2}"
EndProject
Project("{FAE04EC0-301F-11D3-BF4B-00C04F79EFBC}") = "Rasp.Bootstrapper", "src\Rasp.Bootstrapper\Rasp.Bootstrapper.csproj", "{AD5D5969-BAC6-4B47-A926-4C4F6BA8149F}"
EndProject
Project("{2150E333-8FDC-42A3-9474-1A3956D46DE8}") = "modules", "modules", "{CA253913-39DE-BFD0-C9A3-4B7EC6FBDF17}"
EndProject
Project("{2150E333-8FDC-42A3-9474-1A3956D46DE8}") = "dotnet-grpc-library-api", "dotnet-grpc-library-api", "{87C876C9-7554-CEDF-203F-AF43B1B74702}"
EndProject
Project("{FAE04EC0-301F-11D3-BF4B-00C04F79EFBC}") = "LibrarySystem.Api", "modules\dotnet-grpc-library-api\LibrarySystem.Api\LibrarySystem.Api.csproj", "{249577EB-B18D-43DD-901D-87316C3587D2}"
EndProject
Project("{FAE04EC0-301F-11D3-BF4B-00C04F79EFBC}") = "LibrarySystem.Contracts", "modules\dotnet-grpc-library-api\LibrarySystem.Contracts\LibrarySystem.Contracts.csproj", "{3D4B9AF8-9252-40E9-A69A-DFE56528F893}"
EndProject
Project("{FAE04EC0-301F-11D3-BF4B-00C04F79EFBC}") = "LibrarySystem.Grpc", "modules\dotnet-grpc-library-api\LibrarySystem.Grpc\LibrarySystem.Grpc.csproj", "{BBB4BE26-2ABB-4680-A588-06E0A1E91DA6}"
EndProject
Project("{FAE04EC0-301F-11D3-BF4B-00C04F79EFBC}") = "LibrarySystem.Application", "modules\dotnet-grpc-library-api\LibrarySystem.Application\LibrarySystem.Application.csproj", "{D7B61D10-C142-47E1-99C6-31C582E330E9}"
EndProject
Project("{FAE04EC0-301F-11D3-BF4B-00C04F79EFBC}") = "LibrarySystem.Domain", "modules\dotnet-grpc-library-api\LibrarySystem.Domain\LibrarySystem.Domain.csproj", "{BDCCB396-349D-42AF-990E-769813A6AC13}"
EndProject
Project("{FAE04EC0-301F-11D3-BF4B-00C04F79EFBC}") = "LibrarySystem.Persistence", "modules\dotnet-grpc-library-api\LibrarySystem.Persistence\LibrarySystem.Persistence.csproj", "{689C3555-DC1F-4A87-B349-500DF85B9F39}"
EndProject
Project("{2150E333-8FDC-42A3-9474-1A3956D46DE8}") = "tests", "tests", "{7BF13981-E617-4FF6-9463-B251628BAF1E}"
EndProject
Project("{FAE04EC0-301F-11D3-BF4B-00C04F79EFBC}") = "Rasp.Core.Tests", "Rasp.Core.Tests\Rasp.Core.Tests.csproj", "{9FF0212B-D43D-46D7-AAD4-3793958CA197}"
EndProject
Project("{FAE04EC0-301F-11D3-BF4B-00C04F79EFBC}") = "Rasp.Instrumentation.Grpc.Tests", "Rasp.Instrumentation.Grpc.Tests\Rasp.Instrumentation.Grpc.Tests.csproj", "{6F314CAD-E989-41CA-8C9C-9FD721F5DA50}"
EndProject
Global
	GlobalSection(SolutionConfigurationPlatforms) = preSolution
		Debug|Any CPU = Debug|Any CPU
		Debug|x64 = Debug|x64
		Debug|x86 = Debug|x86
		Release|Any CPU = Release|Any CPU
		Release|x64 = Release|x64
		Release|x86 = Release|x86
	EndGlobalSection
	GlobalSection(ProjectConfigurationPlatforms) = postSolution
		{3BF2FD0F-40C2-47BA-97CE-9CEB191BF6BD}.Debug|Any CPU.ActiveCfg = Debug|Any CPU
		{3BF2FD0F-40C2-47BA-97CE-9CEB191BF6BD}.Debug|Any CPU.Build.0 = Debug|Any CPU
		{3BF2FD0F-40C2-47BA-97CE-9CEB191BF6BD}.Debug|x64.ActiveCfg = Debug|Any CPU
		{3BF2FD0F-40C2-47BA-97CE-9CEB191BF6BD}.Debug|x64.Build.0 = Debug|Any CPU
		{3BF2FD0F-40C2-47BA-97CE-9CEB191BF6BD}.Debug|x86.ActiveCfg = Debug|Any CPU
		{3BF2FD0F-40C2-47BA-97CE-9CEB191BF6BD}.Debug|x86.Build.0 = Debug|Any CPU
		{3BF2FD0F-40C2-47BA-97CE-9CEB191BF6BD}.Release|Any CPU.ActiveCfg = Release|Any CPU
		{3BF2FD0F-40C2-47BA-97CE-9CEB191BF6BD}.Release|Any CPU.Build.0 = Release|Any CPU
		{3BF2FD0F-40C2-47BA-97CE-9CEB191BF6BD}.Release|x64.ActiveCfg = Release|Any CPU
		{3BF2FD0F-40C2-47BA-97CE-9CEB191BF6BD}.Release|x64.Build.0 = Release|Any CPU
		{3BF2FD0F-40C2-47BA-97CE-9CEB191BF6BD}.Release|x86.ActiveCfg = Release|Any CPU
		{3BF2FD0F-40C2-47BA-97CE-9CEB191BF6BD}.Release|x86.Build.0 = Release|Any CPU
		{110DA3B7-58D3-4040-8E81-E030547400D2}.Debug|Any CPU.ActiveCfg = Debug|Any CPU
		{110DA3B7-58D3-4040-8E81-E030547400D2}.Debug|Any CPU.Build.0 = Debug|Any CPU
		{110DA3B7-58D3-4040-8E81-E030547400D2}.Debug|x64.ActiveCfg = Debug|Any CPU
		{110DA3B7-58D3-4040-8E81-E030547400D2}.Debug|x64.Build.0 = Debug|Any CPU
		{110DA3B7-58D3-4040-8E81-E030547400D2}.Debug|x86.ActiveCfg = Debug|Any CPU
		{110DA3B7-58D3-4040-8E81-E030547400D2}.Debug|x86.Build.0 = Debug|Any CPU
		{110DA3B7-58D3-4040-8E81-E030547400D2}.Release|Any CPU.ActiveCfg = Release|Any CPU
		{110DA3B7-58D3-4040-8E81-E030547400D2}.Release|Any CPU.Build.0 = Release|Any CPU
		{110DA3B7-58D3-4040-8E81-E030547400D2}.Release|x64.ActiveCfg = Release|Any CPU
		{110DA3B7-58D3-4040-8E81-E030547400D2}.Release|x64.Build.0 = Release|Any CPU
		{110DA3B7-58D3-4040-8E81-E030547400D2}.Release|x86.ActiveCfg = Release|Any CPU
		{110DA3B7-58D3-4040-8E81-E030547400D2}.Release|x86.Build.0 = Release|Any CPU
		{AD5D5969-BAC6-4B47-A926-4C4F6BA8149F}.Debug|Any CPU.ActiveCfg = Debug|Any CPU
		{AD5D5969-BAC6-4B47-A926-4C4F6BA8149F}.Debug|Any CPU.Build.0 = Debug|Any CPU
		{AD5D5969-BAC6-4B47-A926-4C4F6BA8149F}.Debug|x64.ActiveCfg = Debug|Any CPU
		{AD5D5969-BAC6-4B47-A926-4C4F6BA8149F}.Debug|x64.Build.0 = Debug|Any CPU
		{AD5D5969-BAC6-4B47-A926-4C4F6BA8149F}.Debug|x86.ActiveCfg = Debug|Any CPU
		{AD5D5969-BAC6-4B47-A926-4C4F6BA8149F}.Debug|x86.Build.0 = Debug|Any CPU
		{AD5D5969-BAC6-4B47-A926-4C4F6BA8149F}.Release|Any CPU.ActiveCfg = Release|Any CPU
		{AD5D5969-BAC6-4B47-A926-4C4F6BA8149F}.Release|Any CPU.Build.0 = Release|Any CPU
		{AD5D5969-BAC6-4B47-A926-4C4F6BA8149F}.Release|x64.ActiveCfg = Release|Any CPU
		{AD5D5969-BAC6-4B47-A926-4C4F6BA8149F}.Release|x64.Build.0 = Release|Any CPU
		{AD5D5969-BAC6-4B47-A926-4C4F6BA8149F}.Release|x86.ActiveCfg = Release|Any CPU
		{AD5D5969-BAC6-4B47-A926-4C4F6BA8149F}.Release|x86.Build.0 = Release|Any CPU
		{249577EB-B18D-43DD-901D-87316C3587D2}.Debug|Any CPU.ActiveCfg = Debug|Any CPU
		{249577EB-B18D-43DD-901D-87316C3587D2}.Debug|Any CPU.Build.0 = Debug|Any CPU
		{249577EB-B18D-43DD-901D-87316C3587D2}.Debug|x64.ActiveCfg = Debug|Any CPU
		{249577EB-B18D-43DD-901D-87316C3587D2}.Debug|x64.Build.0 = Debug|Any CPU
		{249577EB-B18D-43DD-901D-87316C3587D2}.Debug|x86.ActiveCfg = Debug|Any CPU
		{249577EB-B18D-43DD-901D-87316C3587D2}.Debug|x86.Build.0 = Debug|Any CPU
		{249577EB-B18D-43DD-901D-87316C3587D2}.Release|Any CPU.ActiveCfg = Release|Any CPU
		{249577EB-B18D-43DD-901D-87316C3587D2}.Release|Any CPU.Build.0 = Release|Any CPU
		{249577EB-B18D-43DD-901D-87316C3587D2}.Release|x64.ActiveCfg = Release|Any CPU
		{249577EB-B18D-43DD-901D-87316C3587D2}.Release|x64.Build.0 = Release|Any CPU
		{249577EB-B18D-43DD-901D-87316C3587D2}.Release|x86.ActiveCfg = Release|Any CPU
		{249577EB-B18D-43DD-901D-87316C3587D2}.Release|x86.Build.0 = Release|Any CPU
		{3D4B9AF8-9252-40E9-A69A-DFE56528F893}.Debug|Any CPU.ActiveCfg = Debug|Any CPU
		{3D4B9AF8-9252-40E9-A69A-DFE56528F893}.Debug|Any CPU.Build.0 = Debug|Any CPU
		{3D4B9AF8-9252-40E9-A69A-DFE56528F893}.Debug|x64.ActiveCfg = Debug|Any CPU
		{3D4B9AF8-9252-40E9-A69A-DFE56528F893}.Debug|x64.Build.0 = Debug|Any CPU
		{3D4B9AF8-9252-40E9-A69A-DFE56528F893}.Debug|x86.ActiveCfg = Debug|Any CPU
		{3D4B9AF8-9252-40E9-A69A-DFE56528F893}.Debug|x86.Build.0 = Debug|Any CPU
		{3D4B9AF8-9252-40E9-A69A-DFE56528F893}.Release|Any CPU.ActiveCfg = Release|Any CPU
		{3D4B9AF8-9252-40E9-A69A-DFE56528F893}.Release|Any CPU.Build.0 = Release|Any CPU
		{3D4B9AF8-9252-40E9-A69A-DFE56528F893}.Release|x64.ActiveCfg = Release|Any CPU
		{3D4B9AF8-9252-40E9-A69A-DFE56528F893}.Release|x64.Build.0 = Release|Any CPU
		{3D4B9AF8-9252-40E9-A69A-DFE56528F893}.Release|x86.ActiveCfg = Release|Any CPU
		{3D4B9AF8-9252-40E9-A69A-DFE56528F893}.Release|x86.Build.0 = Release|Any CPU
		{BBB4BE26-2ABB-4680-A588-06E0A1E91DA6}.Debug|Any CPU.ActiveCfg = Debug|Any CPU
		{BBB4BE26-2ABB-4680-A588-06E0A1E91DA6}.Debug|Any CPU.Build.0 = Debug|Any CPU
		{BBB4BE26-2ABB-4680-A588-06E0A1E91DA6}.Debug|x64.ActiveCfg = Debug|Any CPU
		{BBB4BE26-2ABB-4680-A588-06E0A1E91DA6}.Debug|x64.Build.0 = Debug|Any CPU
		{BBB4BE26-2ABB-4680-A588-06E0A1E91DA6}.Debug|x86.ActiveCfg = Debug|Any CPU
		{BBB4BE26-2ABB-4680-A588-06E0A1E91DA6}.Debug|x86.Build.0 = Debug|Any CPU
		{BBB4BE26-2ABB-4680-A588-06E0A1E91DA6}.Release|Any CPU.ActiveCfg = Release|Any CPU
		{BBB4BE26-2ABB-4680-A588-06E0A1E91DA6}.Release|Any CPU.Build.0 = Release|Any CPU
		{BBB4BE26-2ABB-4680-A588-06E0A1E91DA6}.Release|x64.ActiveCfg = Release|Any CPU
		{BBB4BE26-2ABB-4680-A588-06E0A1E91DA6}.Release|x64.Build.0 = Release|Any CPU
		{BBB4BE26-2ABB-4680-A588-06E0A1E91DA6}.Release|x86.ActiveCfg = Release|Any CPU
		{BBB4BE26-2ABB-4680-A588-06E0A1E91DA6}.Release|x86.Build.0 = Release|Any CPU
		{D7B61D10-C142-47E1-99C6-31C582E330E9}.Debug|Any CPU.ActiveCfg = Debug|Any CPU
		{D7B61D10-C142-47E1-99C6-31C582E330E9}.Debug|Any CPU.Build.0 = Debug|Any CPU
		{D7B61D10-C142-47E1-99C6-31C582E330E9}.Debug|x64.ActiveCfg = Debug|Any CPU
		{D7B61D10-C142-47E1-99C6-31C582E330E9}.Debug|x64.Build.0 = Debug|Any CPU
		{D7B61D10-C142-47E1-99C6-31C582E330E9}.Debug|x86.ActiveCfg = Debug|Any CPU
		{D7B61D10-C142-47E1-99C6-31C582E330E9}.Debug|x86.Build.0 = Debug|Any CPU
		{D7B61D10-C142-47E1-99C6-31C582E330E9}.Release|Any CPU.ActiveCfg = Release|Any CPU
		{D7B61D10-C142-47E1-99C6-31C582E330E9}.Release|Any CPU.Build.0 = Release|Any CPU
		{D7B61D10-C142-47E1-99C6-31C582E330E9}.Release|x64.ActiveCfg = Release|Any CPU
		{D7B61D10-C142-47E1-99C6-31C582E330E9}.Release|x64.Build.0 = Release|Any CPU
		{D7B61D10-C142-47E1-99C6-31C582E330E9}.Release|x86.ActiveCfg = Release|Any CPU
		{D7B61D10-C142-47E1-99C6-31C582E330E9}.Release|x86.Build.0 = Release|Any CPU
		{BDCCB396-349D-42AF-990E-769813A6AC13}.Debug|Any CPU.ActiveCfg = Debug|Any CPU
		{BDCCB396-349D-42AF-990E-769813A6AC13}.Debug|Any CPU.Build.0 = Debug|Any CPU
		{BDCCB396-349D-42AF-990E-769813A6AC13}.Debug|x64.ActiveCfg = Debug|Any CPU
		{BDCCB396-349D-42AF-990E-769813A6AC13}.Debug|x64.Build.0 = Debug|Any CPU
		{BDCCB396-349D-42AF-990E-769813A6AC13}.Debug|x86.ActiveCfg = Debug|Any CPU
		{BDCCB396-349D-42AF-990E-769813A6AC13}.Debug|x86.Build.0 = Debug|Any CPU
		{BDCCB396-349D-42AF-990E-769813A6AC13}.Release|Any CPU.ActiveCfg = Release|Any CPU
		{BDCCB396-349D-42AF-990E-769813A6AC13}.Release|Any CPU.Build.0 = Release|Any CPU
		{BDCCB396-349D-42AF-990E-769813A6AC13}.Release|x64.ActiveCfg = Release|Any CPU
		{BDCCB396-349D-42AF-990E-769813A6AC13}.Release|x64.Build.0 = Release|Any CPU
		{BDCCB396-349D-42AF-990E-769813A6AC13}.Release|x86.ActiveCfg = Release|Any CPU
		{BDCCB396-349D-42AF-990E-769813A6AC13}.Release|x86.Build.0 = Release|Any CPU
		{689C3555-DC1F-4A87-B349-500DF85B9F39}.Debug|Any CPU.ActiveCfg = Debug|Any CPU
		{689C3555-DC1F-4A87-B349-500DF85B9F39}.Debug|Any CPU.Build.0 = Debug|Any CPU
		{689C3555-DC1F-4A87-B349-500DF85B9F39}.Debug|x64.ActiveCfg = Debug|Any CPU
		{689C3555-DC1F-4A87-B349-500DF85B9F39}.Debug|x64.Build.0 = Debug|Any CPU
		{689C3555-DC1F-4A87-B349-500DF85B9F39}.Debug|x86.ActiveCfg = Debug|Any CPU
		{689C3555-DC1F-4A87-B349-500DF85B9F39}.Debug|x86.Build.0 = Debug|Any CPU
		{689C3555-DC1F-4A87-B349-500DF85B9F39}.Release|Any CPU.ActiveCfg = Release|Any CPU
		{689C3555-DC1F-4A87-B349-500DF85B9F39}.Release|Any CPU.Build.0 = Release|Any CPU
		{689C3555-DC1F-4A87-B349-500DF85B9F39}.Release|x64.ActiveCfg = Release|Any CPU
		{689C3555-DC1F-4A87-B349-500DF85B9F39}.Release|x64.Build.0 = Release|Any CPU
		{689C3555-DC1F-4A87-B349-500DF85B9F39}.Release|x86.ActiveCfg = Release|Any CPU
		{689C3555-DC1F-4A87-B349-500DF85B9F39}.Release|x86.Build.0 = Release|Any CPU
		{9FF0212B-D43D-46D7-AAD4-3793958CA197}.Debug|Any CPU.ActiveCfg = Debug|Any CPU
		{9FF0212B-D43D-46D7-AAD4-3793958CA197}.Debug|Any CPU.Build.0 = Debug|Any CPU
		{9FF0212B-D43D-46D7-AAD4-3793958CA197}.Debug|x64.ActiveCfg = Debug|Any CPU
		{9FF0212B-D43D-46D7-AAD4-3793958CA197}.Debug|x64.Build.0 = Debug|Any CPU
		{9FF0212B-D43D-46D7-AAD4-3793958CA197}.Debug|x86.ActiveCfg = Debug|Any CPU
		{9FF0212B-D43D-46D7-AAD4-3793958CA197}.Debug|x86.Build.0 = Debug|Any CPU
		{9FF0212B-D43D-46D7-AAD4-3793958CA197}.Release|Any CPU.ActiveCfg = Release|Any CPU
		{9FF0212B-D43D-46D7-AAD4-3793958CA197}.Release|Any CPU.Build.0 = Release|Any CPU
		{9FF0212B-D43D-46D7-AAD4-3793958CA197}.Release|x64.ActiveCfg = Release|Any CPU
		{9FF0212B-D43D-46D7-AAD4-3793958CA197}.Release|x64.Build.0 = Release|Any CPU
		{9FF0212B-D43D-46D7-AAD4-3793958CA197}.Release|x86.ActiveCfg = Release|Any CPU
		{9FF0212B-D43D-46D7-AAD4-3793958CA197}.Release|x86.Build.0 = Release|Any CPU
		{6F314CAD-E989-41CA-8C9C-9FD721F5DA50}.Debug|Any CPU.ActiveCfg = Debug|Any CPU
		{6F314CAD-E989-41CA-8C9C-9FD721F5DA50}.Debug|Any CPU.Build.0 = Debug|Any CPU
		{6F314CAD-E989-41CA-8C9C-9FD721F5DA50}.Debug|x64.ActiveCfg = Debug|Any CPU
		{6F314CAD-E989-41CA-8C9C-9FD721F5DA50}.Debug|x64.Build.0 = Debug|Any CPU
		{6F314CAD-E989-41CA-8C9C-9FD721F5DA50}.Debug|x86.ActiveCfg = Debug|Any CPU
		{6F314CAD-E989-41CA-8C9C-9FD721F5DA50}.Debug|x86.Build.0 = Debug|Any CPU
		{6F314CAD-E989-41CA-8C9C-9FD721F5DA50}.Release|Any CPU.ActiveCfg = Release|Any CPU
		{6F314CAD-E989-41CA-8C9C-9FD721F5DA50}.Release|Any CPU.Build.0 = Release|Any CPU
		{6F314CAD-E989-41CA-8C9C-9FD721F5DA50}.Release|x64.ActiveCfg = Release|Any CPU
		{6F314CAD-E989-41CA-8C9C-9FD721F5DA50}.Release|x64.Build.0 = Release|Any CPU
		{6F314CAD-E989-41CA-8C9C-9FD721F5DA50}.Release|x86.ActiveCfg = Release|Any CPU
		{6F314CAD-E989-41CA-8C9C-9FD721F5DA50}.Release|x86.Build.0 = Release|Any CPU
	EndGlobalSection
	GlobalSection(SolutionProperties) = preSolution
		HideSolutionNode = FALSE
	EndGlobalSection
	GlobalSection(NestedProjects) = preSolution
		{3BF2FD0F-40C2-47BA-97CE-9CEB191BF6BD} = {827E0CD3-B72D-47B6-A68D-7590B98EB39B}
		{110DA3B7-58D3-4040-8E81-E030547400D2} = {827E0CD3-B72D-47B6-A68D-7590B98EB39B}
		{AD5D5969-BAC6-4B47-A926-4C4F6BA8149F} = {827E0CD3-B72D-47B6-A68D-7590B98EB39B}
		{87C876C9-7554-CEDF-203F-AF43B1B74702} = {CA253913-39DE-BFD0-C9A3-4B7EC6FBDF17}
		{249577EB-B18D-43DD-901D-87316C3587D2} = {87C876C9-7554-CEDF-203F-AF43B1B74702}
		{3D4B9AF8-9252-40E9-A69A-DFE56528F893} = {87C876C9-7554-CEDF-203F-AF43B1B74702}
		{BBB4BE26-2ABB-4680-A588-06E0A1E91DA6} = {87C876C9-7554-CEDF-203F-AF43B1B74702}
		{D7B61D10-C142-47E1-99C6-31C582E330E9} = {87C876C9-7554-CEDF-203F-AF43B1B74702}
		{BDCCB396-349D-42AF-990E-769813A6AC13} = {87C876C9-7554-CEDF-203F-AF43B1B74702}
		{689C3555-DC1F-4A87-B349-500DF85B9F39} = {87C876C9-7554-CEDF-203F-AF43B1B74702}
		{9FF0212B-D43D-46D7-AAD4-3793958CA197} = {7BF13981-E617-4FF6-9463-B251628BAF1E}
		{6F314CAD-E989-41CA-8C9C-9FD721F5DA50} = {7BF13981-E617-4FF6-9463-B251628BAF1E}
	EndGlobalSection
EndGlobal
